// !$*UTF8*$!
{
	archiveVersion = 1;
	classes = {
	};
	objectVersion = 45;
	objects = {

/* Begin PBXAggregateTarget section */
		24416B8111C4CA220047AFDD /* Build & Test */ = {
			isa = PBXAggregateTarget;
			buildConfigurationList = 24416B8A11C4CA520047AFDD /* Build configuration list for PBXAggregateTarget "Build & Test" */;
			buildPhases = (
				24416B8011C4CA220047AFDD /* ShellScript */,
			);
			dependencies = (
				24416B8511C4CA280047AFDD /* PBXTargetDependency */,
			);
			name = "Build & Test";
			productName = "Build & test";
		};
/* End PBXAggregateTarget section */

/* Begin PBXBuildFile section */
		24DD6CF91134B3F500162E58 /* BencodingSecurelyModule.h in Headers */ = {isa = PBXBuildFile; fileRef = 24DD6CF71134B3F500162E58 /* BencodingSecurelyModule.h */; };
		24DD6CFA1134B3F500162E58 /* BencodingSecurelyModule.m in Sources */ = {isa = PBXBuildFile; fileRef = 24DD6CF81134B3F500162E58 /* BencodingSecurelyModule.m */; };
		24DE9E1111C5FE74003F90F6 /* BencodingSecurelyModuleAssets.h in Headers */ = {isa = PBXBuildFile; fileRef = 24DE9E0F11C5FE74003F90F6 /* BencodingSecurelyModuleAssets.h */; };
		24DE9E1211C5FE74003F90F6 /* BencodingSecurelyModuleAssets.m in Sources */ = {isa = PBXBuildFile; fileRef = 24DE9E1011C5FE74003F90F6 /* BencodingSecurelyModuleAssets.m */; };
		435D89DB16D41B680093B1BD /* NSData+Base64.h in Headers */ = {isa = PBXBuildFile; fileRef = 435D89D316D41B680093B1BD /* NSData+Base64.h */; };
		435D89DC16D41B680093B1BD /* NSData+Base64.m in Sources */ = {isa = PBXBuildFile; fileRef = 435D89D416D41B680093B1BD /* NSData+Base64.m */; };
		435D89DD16D41B680093B1BD /* NSData+CommonCrypto.h in Headers */ = {isa = PBXBuildFile; fileRef = 435D89D516D41B680093B1BD /* NSData+CommonCrypto.h */; };
		435D89DE16D41B680093B1BD /* NSData+CommonCrypto.m in Sources */ = {isa = PBXBuildFile; fileRef = 435D89D616D41B680093B1BD /* NSData+CommonCrypto.m */; };
		435D89DF16D41B680093B1BD /* NSString+Base64.h in Headers */ = {isa = PBXBuildFile; fileRef = 435D89D716D41B680093B1BD /* NSString+Base64.h */; };
		435D89E016D41B680093B1BD /* NSString+Base64.m in Sources */ = {isa = PBXBuildFile; fileRef = 435D89D816D41B680093B1BD /* NSString+Base64.m */; };
		43857BD7169F7274004D600C /* BCPDKeychainBindings.h in Headers */ = {isa = PBXBuildFile; fileRef = 43857BD3169F7274004D600C /* BCPDKeychainBindings.h */; };
		43857BD8169F7274004D600C /* BCPDKeychainBindings.m in Sources */ = {isa = PBXBuildFile; fileRef = 43857BD4169F7274004D600C /* BCPDKeychainBindings.m */; };
		43857BD9169F7274004D600C /* BCPDKeychainBindingsController.h in Headers */ = {isa = PBXBuildFile; fileRef = 43857BD5169F7274004D600C /* BCPDKeychainBindingsController.h */; };
		43857BDA169F7274004D600C /* BCPDKeychainBindingsController.m in Sources */ = {isa = PBXBuildFile; fileRef = 43857BD6169F7274004D600C /* BCPDKeychainBindingsController.m */; };
		43857BE1169F72B5004D600C /* Security.framework in Frameworks */ = {isa = PBXBuildFile; fileRef = 43857BE0169F72B5004D600C /* Security.framework */; };
		43857BE4169F7F99004D600C /* BencodingSecurelyPropertiesProxy.h in Headers */ = {isa = PBXBuildFile; fileRef = 43857BE2169F7F99004D600C /* BencodingSecurelyPropertiesProxy.h */; };
		43857BE5169F7F99004D600C /* BencodingSecurelyPropertiesProxy.m in Sources */ = {isa = PBXBuildFile; fileRef = 43857BE3169F7F99004D600C /* BencodingSecurelyPropertiesProxy.m */; };
		43857BF1169FA0A3004D600C /* JSONKit.h in Headers */ = {isa = PBXBuildFile; fileRef = 43857BEF169FA0A3004D600C /* JSONKit.h */; };
		43857BF2169FA0A3004D600C /* JSONKit.m in Sources */ = {isa = PBXBuildFile; fileRef = 43857BF0169FA0A3004D600C /* JSONKit.m */; };
		43A4E89916D5734B00D512D7 /* BencodingSecurelyFileCryptoProxy.h in Headers */ = {isa = PBXBuildFile; fileRef = 43A4E89716D5734B00D512D7 /* BencodingSecurelyFileCryptoProxy.h */; };
		43A4E89A16D5734B00D512D7 /* BencodingSecurelyFileCryptoProxy.m in Sources */ = {isa = PBXBuildFile; fileRef = 43A4E89816D5734B00D512D7 /* BencodingSecurelyFileCryptoProxy.m */; };
		43A5CAE0171366070073BEC8 /* RNCryptor+Private.h in Headers */ = {isa = PBXBuildFile; fileRef = 43A5CAD0171366070073BEC8 /* RNCryptor+Private.h */; };
		43A5CAE1171366070073BEC8 /* RNCryptor-Prefix.pch in Headers */ = {isa = PBXBuildFile; fileRef = 43A5CAD1171366070073BEC8 /* RNCryptor-Prefix.pch */; };
		43A5CAE2171366070073BEC8 /* RNCryptor.h in Headers */ = {isa = PBXBuildFile; fileRef = 43A5CAD2171366070073BEC8 /* RNCryptor.h */; };
		43A5CAE3171366070073BEC8 /* RNCryptor.m in Sources */ = {isa = PBXBuildFile; fileRef = 43A5CAD3171366070073BEC8 /* RNCryptor.m */; };
		43A5CAE4171366070073BEC8 /* RNCryptorEngine.h in Headers */ = {isa = PBXBuildFile; fileRef = 43A5CAD4171366070073BEC8 /* RNCryptorEngine.h */; };
		43A5CAE5171366070073BEC8 /* RNCryptorEngine.m in Sources */ = {isa = PBXBuildFile; fileRef = 43A5CAD5171366070073BEC8 /* RNCryptorEngine.m */; };
		43A5CAE6171366070073BEC8 /* RNDecryptor.h in Headers */ = {isa = PBXBuildFile; fileRef = 43A5CAD6171366070073BEC8 /* RNDecryptor.h */; };
		43A5CAE7171366070073BEC8 /* RNDecryptor.m in Sources */ = {isa = PBXBuildFile; fileRef = 43A5CAD7171366070073BEC8 /* RNDecryptor.m */; };
		43A5CAE8171366070073BEC8 /* RNEncryptor.h in Headers */ = {isa = PBXBuildFile; fileRef = 43A5CAD8171366070073BEC8 /* RNEncryptor.h */; };
		43A5CAE9171366070073BEC8 /* RNEncryptor.m in Sources */ = {isa = PBXBuildFile; fileRef = 43A5CAD9171366070073BEC8 /* RNEncryptor.m */; };
		43E497C616BC2D1F0090B512 /* BencodingSecurelyStringCryptoProxy.h in Headers */ = {isa = PBXBuildFile; fileRef = 43E497C416BC2D1F0090B512 /* BencodingSecurelyStringCryptoProxy.h */; };
		43E497C716BC2D1F0090B512 /* BencodingSecurelyStringCryptoProxy.m in Sources */ = {isa = PBXBuildFile; fileRef = 43E497C516BC2D1F0090B512 /* BencodingSecurelyStringCryptoProxy.m */; };
		AA747D9F0F9514B9006C5449 /* BencodingSecurely_Prefix.pch in Headers */ = {isa = PBXBuildFile; fileRef = AA747D9E0F9514B9006C5449 /* BencodingSecurely_Prefix.pch */; };
		AACBBE4A0F95108600F1A2B1 /* Foundation.framework in Frameworks */ = {isa = PBXBuildFile; fileRef = AACBBE490F95108600F1A2B1 /* Foundation.framework */; };
/* End PBXBuildFile section */

/* Begin PBXContainerItemProxy section */
		24416B8411C4CA280047AFDD /* PBXContainerItemProxy */ = {
			isa = PBXContainerItemProxy;
			containerPortal = 0867D690FE84028FC02AAC07 /* Project object */;
			proxyType = 1;
			remoteGlobalIDString = D2AAC07D0554694100DB518D;
			remoteInfo = Securely;
		};
/* End PBXContainerItemProxy section */

/* Begin PBXFileReference section */
		24DD6CF71134B3F500162E58 /* BencodingSecurelyModule.h */ = {isa = PBXFileReference; fileEncoding = 4; lastKnownFileType = sourcecode.c.h; name = BencodingSecurelyModule.h; path = Classes/BencodingSecurelyModule.h; sourceTree = "<group>"; };
		24DD6CF81134B3F500162E58 /* BencodingSecurelyModule.m */ = {isa = PBXFileReference; fileEncoding = 4; lastKnownFileType = sourcecode.c.objc; name = BencodingSecurelyModule.m; path = Classes/BencodingSecurelyModule.m; sourceTree = "<group>"; };
		24DD6D1B1134B66800162E58 /* titanium.xcconfig */ = {isa = PBXFileReference; fileEncoding = 4; lastKnownFileType = text.xcconfig; path = titanium.xcconfig; sourceTree = "<group>"; };
		24DE9E0F11C5FE74003F90F6 /* BencodingSecurelyModuleAssets.h */ = {isa = PBXFileReference; fileEncoding = 4; lastKnownFileType = sourcecode.c.h; name = BencodingSecurelyModuleAssets.h; path = Classes/BencodingSecurelyModuleAssets.h; sourceTree = "<group>"; };
		24DE9E1011C5FE74003F90F6 /* BencodingSecurelyModuleAssets.m */ = {isa = PBXFileReference; fileEncoding = 4; lastKnownFileType = sourcecode.c.objc; name = BencodingSecurelyModuleAssets.m; path = Classes/BencodingSecurelyModuleAssets.m; sourceTree = "<group>"; };
		435D89D316D41B680093B1BD /* NSData+Base64.h */ = {isa = PBXFileReference; fileEncoding = 4; lastKnownFileType = sourcecode.c.h; name = "NSData+Base64.h"; path = "Classes/AESCrypt/NSData+Base64.h"; sourceTree = "<group>"; };
		435D89D416D41B680093B1BD /* NSData+Base64.m */ = {isa = PBXFileReference; fileEncoding = 4; lastKnownFileType = sourcecode.c.objc; name = "NSData+Base64.m"; path = "Classes/AESCrypt/NSData+Base64.m"; sourceTree = "<group>"; };
		435D89D516D41B680093B1BD /* NSData+CommonCrypto.h */ = {isa = PBXFileReference; fileEncoding = 4; lastKnownFileType = sourcecode.c.h; name = "NSData+CommonCrypto.h"; path = "Classes/AESCrypt/NSData+CommonCrypto.h"; sourceTree = "<group>"; };
		435D89D616D41B680093B1BD /* NSData+CommonCrypto.m */ = {isa = PBXFileReference; fileEncoding = 4; lastKnownFileType = sourcecode.c.objc; name = "NSData+CommonCrypto.m"; path = "Classes/AESCrypt/NSData+CommonCrypto.m"; sourceTree = "<group>"; };
		435D89D716D41B680093B1BD /* NSString+Base64.h */ = {isa = PBXFileReference; fileEncoding = 4; lastKnownFileType = sourcecode.c.h; name = "NSString+Base64.h"; path = "Classes/AESCrypt/NSString+Base64.h"; sourceTree = "<group>"; };
		435D89D816D41B680093B1BD /* NSString+Base64.m */ = {isa = PBXFileReference; fileEncoding = 4; lastKnownFileType = sourcecode.c.objc; name = "NSString+Base64.m"; path = "Classes/AESCrypt/NSString+Base64.m"; sourceTree = "<group>"; };
		43857BD3169F7274004D600C /* BCPDKeychainBindings.h */ = {isa = PBXFileReference; fileEncoding = 4; lastKnownFileType = sourcecode.c.h; name = BCPDKeychainBindings.h; path = Classes/PDKeychainBindingsController/BCPDKeychainBindings.h; sourceTree = "<group>"; };
		43857BD4169F7274004D600C /* BCPDKeychainBindings.m */ = {isa = PBXFileReference; fileEncoding = 4; lastKnownFileType = sourcecode.c.objc; name = BCPDKeychainBindings.m; path = Classes/PDKeychainBindingsController/BCPDKeychainBindings.m; sourceTree = "<group>"; };
		43857BD5169F7274004D600C /* BCPDKeychainBindingsController.h */ = {isa = PBXFileReference; fileEncoding = 4; lastKnownFileType = sourcecode.c.h; name = BCPDKeychainBindingsController.h; path = Classes/PDKeychainBindingsController/BCPDKeychainBindingsController.h; sourceTree = "<group>"; };
		43857BD6169F7274004D600C /* BCPDKeychainBindingsController.m */ = {isa = PBXFileReference; fileEncoding = 4; lastKnownFileType = sourcecode.c.objc; name = BCPDKeychainBindingsController.m; path = Classes/PDKeychainBindingsController/BCPDKeychainBindingsController.m; sourceTree = "<group>"; };
		43857BE0169F72B5004D600C /* Security.framework */ = {isa = PBXFileReference; lastKnownFileType = wrapper.framework; name = Security.framework; path = System/Library/Frameworks/Security.framework; sourceTree = SDKROOT; };
		43857BE2169F7F99004D600C /* BencodingSecurelyPropertiesProxy.h */ = {isa = PBXFileReference; fileEncoding = 4; lastKnownFileType = sourcecode.c.h; name = BencodingSecurelyPropertiesProxy.h; path = Classes/BencodingSecurelyPropertiesProxy.h; sourceTree = "<group>"; };
		43857BE3169F7F99004D600C /* BencodingSecurelyPropertiesProxy.m */ = {isa = PBXFileReference; fileEncoding = 4; lastKnownFileType = sourcecode.c.objc; name = BencodingSecurelyPropertiesProxy.m; path = Classes/BencodingSecurelyPropertiesProxy.m; sourceTree = "<group>"; };
		43857BEF169FA0A3004D600C /* JSONKit.h */ = {isa = PBXFileReference; fileEncoding = 4; lastKnownFileType = sourcecode.c.h; path = JSONKit.h; sourceTree = "<group>"; };
		43857BF0169FA0A3004D600C /* JSONKit.m */ = {isa = PBXFileReference; fileEncoding = 4; lastKnownFileType = sourcecode.c.objc; path = JSONKit.m; sourceTree = "<group>"; };
		43A4E89716D5734B00D512D7 /* BencodingSecurelyFileCryptoProxy.h */ = {isa = PBXFileReference; fileEncoding = 4; lastKnownFileType = sourcecode.c.h; name = BencodingSecurelyFileCryptoProxy.h; path = Classes/BencodingSecurelyFileCryptoProxy.h; sourceTree = "<group>"; };
		43A4E89816D5734B00D512D7 /* BencodingSecurelyFileCryptoProxy.m */ = {isa = PBXFileReference; fileEncoding = 4; lastKnownFileType = sourcecode.c.objc; name = BencodingSecurelyFileCryptoProxy.m; path = Classes/BencodingSecurelyFileCryptoProxy.m; sourceTree = "<group>"; };
		43A5CAD0171366070073BEC8 /* RNCryptor+Private.h */ = {isa = PBXFileReference; fileEncoding = 4; lastKnownFileType = sourcecode.c.h; path = "RNCryptor+Private.h"; sourceTree = "<group>"; };
		43A5CAD1171366070073BEC8 /* RNCryptor-Prefix.pch */ = {isa = PBXFileReference; fileEncoding = 4; lastKnownFileType = sourcecode.c.h; path = "RNCryptor-Prefix.pch"; sourceTree = "<group>"; };
		43A5CAD2171366070073BEC8 /* RNCryptor.h */ = {isa = PBXFileReference; fileEncoding = 4; lastKnownFileType = sourcecode.c.h; path = RNCryptor.h; sourceTree = "<group>"; };
		43A5CAD3171366070073BEC8 /* RNCryptor.m */ = {isa = PBXFileReference; fileEncoding = 4; lastKnownFileType = sourcecode.c.objc; path = RNCryptor.m; sourceTree = "<group>"; };
		43A5CAD4171366070073BEC8 /* RNCryptorEngine.h */ = {isa = PBXFileReference; fileEncoding = 4; lastKnownFileType = sourcecode.c.h; path = RNCryptorEngine.h; sourceTree = "<group>"; };
		43A5CAD5171366070073BEC8 /* RNCryptorEngine.m */ = {isa = PBXFileReference; fileEncoding = 4; lastKnownFileType = sourcecode.c.objc; path = RNCryptorEngine.m; sourceTree = "<group>"; };
		43A5CAD6171366070073BEC8 /* RNDecryptor.h */ = {isa = PBXFileReference; fileEncoding = 4; lastKnownFileType = sourcecode.c.h; path = RNDecryptor.h; sourceTree = "<group>"; };
		43A5CAD7171366070073BEC8 /* RNDecryptor.m */ = {isa = PBXFileReference; fileEncoding = 4; lastKnownFileType = sourcecode.c.objc; path = RNDecryptor.m; sourceTree = "<group>"; };
		43A5CAD8171366070073BEC8 /* RNEncryptor.h */ = {isa = PBXFileReference; fileEncoding = 4; lastKnownFileType = sourcecode.c.h; path = RNEncryptor.h; sourceTree = "<group>"; };
		43A5CAD9171366070073BEC8 /* RNEncryptor.m */ = {isa = PBXFileReference; fileEncoding = 4; lastKnownFileType = sourcecode.c.objc; path = RNEncryptor.m; sourceTree = "<group>"; };
		43E497C416BC2D1F0090B512 /* BencodingSecurelyStringCryptoProxy.h */ = {isa = PBXFileReference; fileEncoding = 4; lastKnownFileType = sourcecode.c.h; name = BencodingSecurelyStringCryptoProxy.h; path = Classes/BencodingSecurelyStringCryptoProxy.h; sourceTree = "<group>"; };
		43E497C516BC2D1F0090B512 /* BencodingSecurelyStringCryptoProxy.m */ = {isa = PBXFileReference; fileEncoding = 4; lastKnownFileType = sourcecode.c.objc; name = BencodingSecurelyStringCryptoProxy.m; path = Classes/BencodingSecurelyStringCryptoProxy.m; sourceTree = "<group>"; };
		AA747D9E0F9514B9006C5449 /* BencodingSecurely_Prefix.pch */ = {isa = PBXFileReference; fileEncoding = 4; lastKnownFileType = sourcecode.c.h; path = BencodingSecurely_Prefix.pch; sourceTree = SOURCE_ROOT; };
		AACBBE490F95108600F1A2B1 /* Foundation.framework */ = {isa = PBXFileReference; lastKnownFileType = wrapper.framework; name = Foundation.framework; path = System/Library/Frameworks/Foundation.framework; sourceTree = SDKROOT; };
		D2AAC07E0554694100DB518D /* libBencodingSecurely.a */ = {isa = PBXFileReference; explicitFileType = archive.ar; includeInIndex = 0; path = libBencodingSecurely.a; sourceTree = BUILT_PRODUCTS_DIR; };
/* End PBXFileReference section */

/* Begin PBXFrameworksBuildPhase section */
		D2AAC07C0554694100DB518D /* Frameworks */ = {
			isa = PBXFrameworksBuildPhase;
			buildActionMask = 2147483647;
			files = (
				43857BE1169F72B5004D600C /* Security.framework in Frameworks */,
				AACBBE4A0F95108600F1A2B1 /* Foundation.framework in Frameworks */,
			);
			runOnlyForDeploymentPostprocessing = 0;
		};
/* End PBXFrameworksBuildPhase section */

/* Begin PBXGroup section */
		034768DFFF38A50411DB9C8B /* Products */ = {
			isa = PBXGroup;
			children = (
				D2AAC07E0554694100DB518D /* libBencodingSecurely.a */,
			);
			name = Products;
			sourceTree = "<group>";
		};
		0867D691FE84028FC02AAC07 /* Securely */ = {
			isa = PBXGroup;
			children = (
				08FB77AEFE84172EC02AAC07 /* Classes */,
				32C88DFF0371C24200C91783 /* Other Sources */,
				0867D69AFE84028FC02AAC07 /* Frameworks */,
				034768DFFF38A50411DB9C8B /* Products */,
			);
			name = Securely;
			sourceTree = "<group>";
		};
		0867D69AFE84028FC02AAC07 /* Frameworks */ = {
			isa = PBXGroup;
			children = (
				43857BE0169F72B5004D600C /* Security.framework */,
				AACBBE490F95108600F1A2B1 /* Foundation.framework */,
			);
			name = Frameworks;
			sourceTree = "<group>";
		};
		08FB77AEFE84172EC02AAC07 /* Classes */ = {
			isa = PBXGroup;
			children = (
				43A5CACF171366070073BEC8 /* RNCryptor */,
				435D89E116D41DD50093B1BD /* Categories */,
				43857BEE169FA0A3004D600C /* JSONKit */,
				43857BD1169F7247004D600C /* PDKeychainBindingsController */,
				43E497C416BC2D1F0090B512 /* BencodingSecurelyStringCryptoProxy.h */,
				43E497C516BC2D1F0090B512 /* BencodingSecurelyStringCryptoProxy.m */,
				24DE9E0F11C5FE74003F90F6 /* BencodingSecurelyModuleAssets.h */,
				24DE9E1011C5FE74003F90F6 /* BencodingSecurelyModuleAssets.m */,
				24DD6CF71134B3F500162E58 /* BencodingSecurelyModule.h */,
				24DD6CF81134B3F500162E58 /* BencodingSecurelyModule.m */,
				43857BE2169F7F99004D600C /* BencodingSecurelyPropertiesProxy.h */,
				43857BE3169F7F99004D600C /* BencodingSecurelyPropertiesProxy.m */,
				43A4E89716D5734B00D512D7 /* BencodingSecurelyFileCryptoProxy.h */,
				43A4E89816D5734B00D512D7 /* BencodingSecurelyFileCryptoProxy.m */,
			);
			name = Classes;
			sourceTree = "<group>";
		};
		32C88DFF0371C24200C91783 /* Other Sources */ = {
			isa = PBXGroup;
			children = (
				AA747D9E0F9514B9006C5449 /* BencodingSecurely_Prefix.pch */,
				24DD6D1B1134B66800162E58 /* titanium.xcconfig */,
			);
			name = "Other Sources";
			sourceTree = "<group>";
		};
		435D89E116D41DD50093B1BD /* Categories */ = {
			isa = PBXGroup;
			children = (
				435D89D316D41B680093B1BD /* NSData+Base64.h */,
				435D89D416D41B680093B1BD /* NSData+Base64.m */,
				435D89D516D41B680093B1BD /* NSData+CommonCrypto.h */,
				435D89D616D41B680093B1BD /* NSData+CommonCrypto.m */,
				435D89D716D41B680093B1BD /* NSString+Base64.h */,
				435D89D816D41B680093B1BD /* NSString+Base64.m */,
			);
			name = Categories;
			sourceTree = "<group>";
		};
		43857BD1169F7247004D600C /* PDKeychainBindingsController */ = {
			isa = PBXGroup;
			children = (
				43857BD3169F7274004D600C /* BCPDKeychainBindings.h */,
				43857BD4169F7274004D600C /* BCPDKeychainBindings.m */,
				43857BD5169F7274004D600C /* BCPDKeychainBindingsController.h */,
				43857BD6169F7274004D600C /* BCPDKeychainBindingsController.m */,
			);
			name = PDKeychainBindingsController;
			sourceTree = "<group>";
		};
		43857BEE169FA0A3004D600C /* JSONKit */ = {
			isa = PBXGroup;
			children = (
				43857BEF169FA0A3004D600C /* JSONKit.h */,
				43857BF0169FA0A3004D600C /* JSONKit.m */,
			);
			name = JSONKit;
			path = Classes/JSONKit;
			sourceTree = "<group>";
		};
		43A5CACF171366070073BEC8 /* RNCryptor */ = {
			isa = PBXGroup;
			children = (
				43A5CAD0171366070073BEC8 /* RNCryptor+Private.h */,
				43A5CAD1171366070073BEC8 /* RNCryptor-Prefix.pch */,
				43A5CAD2171366070073BEC8 /* RNCryptor.h */,
				43A5CAD3171366070073BEC8 /* RNCryptor.m */,
				43A5CAD4171366070073BEC8 /* RNCryptorEngine.h */,
				43A5CAD5171366070073BEC8 /* RNCryptorEngine.m */,
				43A5CAD6171366070073BEC8 /* RNDecryptor.h */,
				43A5CAD7171366070073BEC8 /* RNDecryptor.m */,
				43A5CAD8171366070073BEC8 /* RNEncryptor.h */,
				43A5CAD9171366070073BEC8 /* RNEncryptor.m */,
			);
			name = RNCryptor;
			path = Classes/RNCryptor;
			sourceTree = "<group>";
		};
/* End PBXGroup section */

/* Begin PBXHeadersBuildPhase section */
		D2AAC07A0554694100DB518D /* Headers */ = {
			isa = PBXHeadersBuildPhase;
			buildActionMask = 2147483647;
			files = (
				AA747D9F0F9514B9006C5449 /* BencodingSecurely_Prefix.pch in Headers */,
				24DD6CF91134B3F500162E58 /* BencodingSecurelyModule.h in Headers */,
				24DE9E1111C5FE74003F90F6 /* BencodingSecurelyModuleAssets.h in Headers */,
				43857BD7169F7274004D600C /* BCPDKeychainBindings.h in Headers */,
				43857BD9169F7274004D600C /* BCPDKeychainBindingsController.h in Headers */,
				43857BE4169F7F99004D600C /* BencodingSecurelyPropertiesProxy.h in Headers */,
				43857BF1169FA0A3004D600C /* JSONKit.h in Headers */,
				43E497C616BC2D1F0090B512 /* BencodingSecurelyStringCryptoProxy.h in Headers */,
				435D89DB16D41B680093B1BD /* NSData+Base64.h in Headers */,
				435D89DD16D41B680093B1BD /* NSData+CommonCrypto.h in Headers */,
				435D89DF16D41B680093B1BD /* NSString+Base64.h in Headers */,
				43A4E89916D5734B00D512D7 /* BencodingSecurelyFileCryptoProxy.h in Headers */,
				43A5CAE0171366070073BEC8 /* RNCryptor+Private.h in Headers */,
				43A5CAE1171366070073BEC8 /* RNCryptor-Prefix.pch in Headers */,
				43A5CAE2171366070073BEC8 /* RNCryptor.h in Headers */,
				43A5CAE4171366070073BEC8 /* RNCryptorEngine.h in Headers */,
				43A5CAE6171366070073BEC8 /* RNDecryptor.h in Headers */,
				43A5CAE8171366070073BEC8 /* RNEncryptor.h in Headers */,
			);
			runOnlyForDeploymentPostprocessing = 0;
		};
/* End PBXHeadersBuildPhase section */

/* Begin PBXNativeTarget section */
		D2AAC07D0554694100DB518D /* Securely */ = {
			isa = PBXNativeTarget;
			buildConfigurationList = 1DEB921E08733DC00010E9CD /* Build configuration list for PBXNativeTarget "Securely" */;
			buildPhases = (
				D2AAC07A0554694100DB518D /* Headers */,
				D2AAC07B0554694100DB518D /* Sources */,
				D2AAC07C0554694100DB518D /* Frameworks */,
			);
			buildRules = (
			);
			dependencies = (
			);
			name = Securely;
			productName = Securely;
			productReference = D2AAC07E0554694100DB518D /* libBencodingSecurely.a */;
			productType = "com.apple.product-type.library.static";
		};
/* End PBXNativeTarget section */

/* Begin PBXProject section */
		0867D690FE84028FC02AAC07 /* Project object */ = {
			isa = PBXProject;
			buildConfigurationList = 1DEB922208733DC00010E9CD /* Build configuration list for PBXProject "Securely" */;
			compatibilityVersion = "Xcode 3.1";
			developmentRegion = English;
			hasScannedForEncodings = 1;
			knownRegions = (
				English,
				Japanese,
				French,
				German,
			);
			mainGroup = 0867D691FE84028FC02AAC07 /* Securely */;
			productRefGroup = 034768DFFF38A50411DB9C8B /* Products */;
			projectDirPath = "";
			projectRoot = "";
			targets = (
				D2AAC07D0554694100DB518D /* Securely */,
				24416B8111C4CA220047AFDD /* Build & Test */,
			);
		};
/* End PBXProject section */

/* Begin PBXShellScriptBuildPhase section */
		24416B8011C4CA220047AFDD /* ShellScript */ = {
			isa = PBXShellScriptBuildPhase;
			buildActionMask = 2147483647;
			files = (
			);
			inputPaths = (
			);
			outputPaths = (
			);
			runOnlyForDeploymentPostprocessing = 0;
			shellPath = /bin/sh;
			shellScript = "# shell script goes here\n\npython \"${TITANIUM_SDK}/titanium.py\" run --dir=\"${PROJECT_DIR}\"\nexit $?\n";
		};
/* End PBXShellScriptBuildPhase section */

/* Begin PBXSourcesBuildPhase section */
		D2AAC07B0554694100DB518D /* Sources */ = {
			isa = PBXSourcesBuildPhase;
			buildActionMask = 2147483647;
			files = (
				24DD6CFA1134B3F500162E58 /* BencodingSecurelyModule.m in Sources */,
				24DE9E1211C5FE74003F90F6 /* BencodingSecurelyModuleAssets.m in Sources */,
				43857BD8169F7274004D600C /* BCPDKeychainBindings.m in Sources */,
				43857BDA169F7274004D600C /* BCPDKeychainBindingsController.m in Sources */,
				43857BE5169F7F99004D600C /* BencodingSecurelyPropertiesProxy.m in Sources */,
				43857BF2169FA0A3004D600C /* JSONKit.m in Sources */,
				43E497C716BC2D1F0090B512 /* BencodingSecurelyStringCryptoProxy.m in Sources */,
				435D89DC16D41B680093B1BD /* NSData+Base64.m in Sources */,
				435D89DE16D41B680093B1BD /* NSData+CommonCrypto.m in Sources */,
				435D89E016D41B680093B1BD /* NSString+Base64.m in Sources */,
				43A4E89A16D5734B00D512D7 /* BencodingSecurelyFileCryptoProxy.m in Sources */,
				43A5CAE3171366070073BEC8 /* RNCryptor.m in Sources */,
				43A5CAE5171366070073BEC8 /* RNCryptorEngine.m in Sources */,
				43A5CAE7171366070073BEC8 /* RNDecryptor.m in Sources */,
				43A5CAE9171366070073BEC8 /* RNEncryptor.m in Sources */,
			);
			runOnlyForDeploymentPostprocessing = 0;
		};
/* End PBXSourcesBuildPhase section */

/* Begin PBXTargetDependency section */
		24416B8511C4CA280047AFDD /* PBXTargetDependency */ = {
			isa = PBXTargetDependency;
			target = D2AAC07D0554694100DB518D /* Securely */;
			targetProxy = 24416B8411C4CA280047AFDD /* PBXContainerItemProxy */;
		};
/* End PBXTargetDependency section */

/* Begin XCBuildConfiguration section */
		1DEB921F08733DC00010E9CD /* Debug */ = {
			isa = XCBuildConfiguration;
			baseConfigurationReference = 24DD6D1B1134B66800162E58 /* titanium.xcconfig */;
			buildSettings = {
				ARCHS = (
					armv6,
					armv7,
				);
				"ARCHS[sdk=iphoneos*]" = (
					armv6,
					armv7,
				);
				"ARCHS[sdk=iphonesimulator*]" = i386;
				CODE_SIGN_IDENTITY = "iPhone Developer";
				"CODE_SIGN_IDENTITY[sdk=iphoneos*]" = "iPhone Developer";
				DSTROOT = /tmp/BencodingSecurely.dst;
				GCC_C_LANGUAGE_STANDARD = c99;
				GCC_OPTIMIZATION_LEVEL = 0;
				GCC_PRECOMPILE_PREFIX_HEADER = YES;
				GCC_PREFIX_HEADER = BencodingSecurely_Prefix.pch;
				GCC_PREPROCESSOR_DEFINITIONS = "TI_VERSION=$(TI_VERSION)";
				GCC_TREAT_WARNINGS_AS_ERRORS = NO;
				GCC_VERSION = "";
				GCC_WARN_ABOUT_RETURN_TYPE = NO;
				GCC_WARN_MISSING_PARENTHESES = NO;
				GCC_WARN_SHADOW = NO;
				GCC_WARN_STRICT_SELECTOR_MATCH = NO;
				GCC_WARN_UNUSED_FUNCTION = YES;
				GCC_WARN_UNUSED_PARAMETER = NO;
				GCC_WARN_UNUSED_VALUE = NO;
				GCC_WARN_UNUSED_VARIABLE = NO;
				INSTALL_PATH = /usr/local/lib;
				LIBRARY_SEARCH_PATHS = "";
				OTHER_CFLAGS = (
					"-DDEBUG",
					"-DTI_POST_1_2",
				);
				OTHER_LDFLAGS = "-ObjC";
				PRODUCT_NAME = BencodingSecurely;
				PROVISIONING_PROFILE = "";
				"PROVISIONING_PROFILE[sdk=iphoneos*]" = "";
				RUN_CLANG_STATIC_ANALYZER = NO;
				SDKROOT = iphoneos;
				USER_HEADER_SEARCH_PATHS = "";
			};
			name = Debug;
		};
		1DEB922008733DC00010E9CD /* Release */ = {
			isa = XCBuildConfiguration;
			baseConfigurationReference = 24DD6D1B1134B66800162E58 /* titanium.xcconfig */;
			buildSettings = {
				ALWAYS_SEARCH_USER_PATHS = NO;
				ARCHS = (
					armv6,
					armv7,
				);
				"ARCHS[sdk=iphoneos*]" = (
					armv6,
					armv7,
				);
				"ARCHS[sdk=iphonesimulator*]" = i386;
				DSTROOT = /tmp/BencodingSecurely.dst;
				GCC_C_LANGUAGE_STANDARD = c99;
				GCC_MODEL_TUNING = G5;
				GCC_PRECOMPILE_PREFIX_HEADER = YES;
				GCC_PREFIX_HEADER = BencodingSecurely_Prefix.pch;
				GCC_PREPROCESSOR_DEFINITIONS = "TI_VERSION=$(TI_VERSION)";
				GCC_TREAT_WARNINGS_AS_ERRORS = NO;
				GCC_VERSION = "";
				GCC_WARN_ABOUT_RETURN_TYPE = NO;
				GCC_WARN_MISSING_PARENTHESES = NO;
				GCC_WARN_SHADOW = NO;
				GCC_WARN_STRICT_SELECTOR_MATCH = NO;
				GCC_WARN_UNUSED_FUNCTION = YES;
				GCC_WARN_UNUSED_PARAMETER = NO;
				GCC_WARN_UNUSED_VALUE = NO;
				GCC_WARN_UNUSED_VARIABLE = NO;
				INSTALL_PATH = /usr/local/lib;
				IPHONEOS_DEPLOYMENT_TARGET = 4.0;
				LIBRARY_SEARCH_PATHS = "";
				OTHER_CFLAGS = "-DTI_POST_1_2";
				OTHER_LDFLAGS = "-ObjC";
				PRODUCT_NAME = BencodingSecurely;
				RUN_CLANG_STATIC_ANALYZER = NO;
				SDKROOT = iphoneos;
				USER_HEADER_SEARCH_PATHS = "";
			};
			name = Release;
		};
		1DEB922308733DC00010E9CD /* Debug */ = {
			isa = XCBuildConfiguration;
			baseConfigurationReference = 24DD6D1B1134B66800162E58 /* titanium.xcconfig */;
			buildSettings = {
				ARCHS = (
					armv6,
					armv7,
				);
				"ARCHS[sdk=iphoneos*]" = (
					armv6,
					armv7,
				);
				"ARCHS[sdk=iphonesimulator*]" = i386;
				CODE_SIGN_IDENTITY = "iPhone Developer";
				"CODE_SIGN_IDENTITY[sdk=iphoneos*]" = "iPhone Developer";
				DSTROOT = /tmp/BencodingSecurely.dst;
				GCC_C_LANGUAGE_STANDARD = c99;
				GCC_OPTIMIZATION_LEVEL = 0;
				GCC_PRECOMPILE_PREFIX_HEADER = YES;
				GCC_PREFIX_HEADER = BencodingSecurely_Prefix.pch;
				GCC_PREPROCESSOR_DEFINITIONS = "TI_VERSION=$(TI_VERSION)";
				GCC_TREAT_WARNINGS_AS_ERRORS = NO;
				GCC_VERSION = "";
				GCC_WARN_ABOUT_RETURN_TYPE = NO;
				GCC_WARN_MISSING_PARENTHESES = NO;
				GCC_WARN_SHADOW = NO;
				GCC_WARN_STRICT_SELECTOR_MATCH = NO;
				GCC_WARN_UNUSED_FUNCTION = YES;
				GCC_WARN_UNUSED_PARAMETER = NO;
				GCC_WARN_UNUSED_VALUE = NO;
				GCC_WARN_UNUSED_VARIABLE = NO;
				INSTALL_PATH = /usr/local/lib;
				OTHER_CFLAGS = (
					"-DDEBUG",
					"-DTI_POST_1_2",
				);
				OTHER_LDFLAGS = "-ObjC";
				PRODUCT_NAME = BencodingSecurely;
				PROVISIONING_PROFILE = "";
				"PROVISIONING_PROFILE[sdk=iphoneos*]" = "";
				RUN_CLANG_STATIC_ANALYZER = NO;
				SDKROOT = iphoneos;
				USER_HEADER_SEARCH_PATHS = "";
			};
			name = Debug;
		};
		1DEB922408733DC00010E9CD /* Release */ = {
			isa = XCBuildConfiguration;
			baseConfigurationReference = 24DD6D1B1134B66800162E58 /* titanium.xcconfig */;
			buildSettings = {
				ALWAYS_SEARCH_USER_PATHS = NO;
				ARCHS = (
					armv6,
					armv7,
				);
				"ARCHS[sdk=iphoneos*]" = (
					armv6,
					armv7,
				);
				"ARCHS[sdk=iphonesimulator*]" = i386;
				DSTROOT = /tmp/BencodingSecurely.dst;
				GCC_C_LANGUAGE_STANDARD = c99;
				GCC_MODEL_TUNING = G5;
				GCC_PRECOMPILE_PREFIX_HEADER = YES;
				GCC_PREFIX_HEADER = BencodingSecurely_Prefix.pch;
				GCC_PREPROCESSOR_DEFINITIONS = "TI_VERSION=$(TI_VERSION)";
				GCC_TREAT_WARNINGS_AS_ERRORS = NO;
				GCC_VERSION = "";
				GCC_WARN_ABOUT_RETURN_TYPE = NO;
				GCC_WARN_MISSING_PARENTHESES = NO;
				GCC_WARN_SHADOW = NO;
				GCC_WARN_STRICT_SELECTOR_MATCH = NO;
				GCC_WARN_UNUSED_FUNCTION = YES;
				GCC_WARN_UNUSED_PARAMETER = NO;
				GCC_WARN_UNUSED_VALUE = NO;
				GCC_WARN_UNUSED_VARIABLE = NO;
				INSTALL_PATH = /usr/local/lib;
				IPHONEOS_DEPLOYMENT_TARGET = 4.0;
				OTHER_CFLAGS = "-DTI_POST_1_2";
				OTHER_LDFLAGS = "-ObjC";
				PRODUCT_NAME = BencodingSecurely;
				RUN_CLANG_STATIC_ANALYZER = NO;
				SDKROOT = iphoneos;
				USER_HEADER_SEARCH_PATHS = "";
			};
			name = Release;
		};
		24416B8211C4CA220047AFDD /* Debug */ = {
			isa = XCBuildConfiguration;
			baseConfigurationReference = 24DD6D1B1134B66800162E58 /* titanium.xcconfig */;
			buildSettings = {
				COPY_PHASE_STRIP = NO;
				GCC_DYNAMIC_NO_PIC = NO;
				GCC_OPTIMIZATION_LEVEL = 0;
				PRODUCT_NAME = "Build & test";
			};
			name = Debug;
		};
		24416B8311C4CA220047AFDD /* Release */ = {
			isa = XCBuildConfiguration;
			baseConfigurationReference = 24DD6D1B1134B66800162E58 /* titanium.xcconfig */;
			buildSettings = {
				COPY_PHASE_STRIP = YES;
				DEBUG_INFORMATION_FORMAT = "dwarf-with-dsym";
				GCC_ENABLE_FIX_AND_CONTINUE = NO;
				PRODUCT_NAME = "Build & test";
				ZERO_LINK = NO;
			};
			name = Release;
		};
/* End XCBuildConfiguration section */

/* Begin XCConfigurationList section */
		1DEB921E08733DC00010E9CD /* Build configuration list for PBXNativeTarget "Securely" */ = {
			isa = XCConfigurationList;
			buildConfigurations = (
				1DEB921F08733DC00010E9CD /* Debug */,
				1DEB922008733DC00010E9CD /* Release */,
			);
			defaultConfigurationIsVisible = 0;
			defaultConfigurationName = Release;
		};
		1DEB922208733DC00010E9CD /* Build configuration list for PBXProject "Securely" */ = {
			isa = XCConfigurationList;
			buildConfigurations = (
				1DEB922308733DC00010E9CD /* Debug */,
				1DEB922408733DC00010E9CD /* Release */,
			);
			defaultConfigurationIsVisible = 0;
			defaultConfigurationName = Release;
		};
		24416B8A11C4CA520047AFDD /* Build configuration list for PBXAggregateTarget "Build & Test" */ = {
			isa = XCConfigurationList;
			buildConfigurations = (
				24416B8211C4CA220047AFDD /* Debug */,
				24416B8311C4CA220047AFDD /* Release */,
			);
			defaultConfigurationIsVisible = 0;
			defaultConfigurationName = Release;
		};
/* End XCConfigurationList section */
	};
	rootObject = 0867D690FE84028FC02AAC07 /* Project object */;
}
